
Microsoft Visual Studio Solution File, Format Version 12.00
# Visual Studio Version 17
VisualStudioVersion = 17.4.33403.182
MinimumVisualStudioVersion = 10.0.40219.1
Project("{FAE04EC0-301F-11D3-BF4B-00C04F79EFBC}") = "Lab5_13680", "Lab5_13680\Lab5_13680.csproj", "{BB520F9D-3C78-4B9B-BD17-7CFB87F2D1C8}"
EndProject
Project("{FAE04EC0-301F-11D3-BF4B-00C04F79EFBC}") = "TestProject1", "TestProject1\TestProject1.csproj", "{31F2ED55-E45C-4171-8322-3C82698684A8}"
EndProject
Global
	GlobalSection(SolutionConfigurationPlatforms) = preSolution
		Debug|Any CPU = Debug|Any CPU
		Release|Any CPU = Release|Any CPU
	EndGlobalSection
	GlobalSection(ProjectConfigurationPlatforms) = postSolution
		{BB520F9D-3C78-4B9B-BD17-7CFB87F2D1C8}.Debug|Any CPU.ActiveCfg = Debug|Any CPU
		{BB520F9D-3C78-4B9B-BD17-7CFB87F2D1C8}.Debug|Any CPU.Build.0 = Debug|Any CPU
		{BB520F9D-3C78-4B9B-BD17-7CFB87F2D1C8}.Release|Any CPU.ActiveCfg = Release|Any CPU
		{BB520F9D-3C78-4B9B-BD17-7CFB87F2D1C8}.Release|Any CPU.Build.0 = Release|Any CPU
		{31F2ED55-E45C-4171-8322-3C82698684A8}.Debug|Any CPU.ActiveCfg = Debug|Any CPU
		{31F2ED55-E45C-4171-8322-3C82698684A8}.Debug|Any CPU.Build.0 = Debug|Any CPU
		{31F2ED55-E45C-4171-8322-3C82698684A8}.Release|Any CPU.ActiveCfg = Release|Any CPU
		{31F2ED55-E45C-4171-8322-3C82698684A8}.Release|Any CPU.Build.0 = Release|Any CPU
	EndGlobalSection
	GlobalSection(SolutionProperties) = preSolution
		HideSolutionNode = FALSE
	EndGlobalSection
	GlobalSection(ExtensibilityGlobals) = postSolution
		SolutionGuid = {822057A4-F469-4145-8AD0-2E5853B450BA}
	EndGlobalSection
EndGlobal
